
Microsoft Visual Studio Solution File, Format Version 12.00
# Visual Studio Version 16
VisualStudioVersion = 16.0.29001.49
MinimumVisualStudioVersion = 10.0.40219.1
Project("{FAE04EC0-301F-11D3-BF4B-00C04F79EFBC}") = "VisionDemo", "VisionDemo.csproj", "{A76C1EAB-0040-4657-91FF-8310FC53EFA6}"
EndProject
Global
	GlobalSection(SolutionConfigurationPlatforms) = preSolution
		Debug|Any CPU = Debug|Any CPU
		Release|Any CPU = Release|Any CPU
	EndGlobalSection
	GlobalSection(ProjectConfigurationPlatforms) = postSolution
		{A76C1EAB-0040-4657-91FF-8310FC53EFA6}.Debug|Any CPU.ActiveCfg = Debug|Any CPU
		{A76C1EAB-0040-4657-91FF-8310FC53EFA6}.Debug|Any CPU.Build.0 = Debug|Any CPU
		{A76C1EAB-0040-4657-91FF-8310FC53EFA6}.Release|Any CPU.ActiveCfg = Release|Any CPU
		{A76C1EAB-0040-4657-91FF-8310FC53EFA6}.Release|Any CPU.Build.0 = Release|Any CPU
	EndGlobalSection
	GlobalSection(SolutionProperties) = preSolution
		HideSolutionNode = FALSE
	EndGlobalSection
	GlobalSection(ExtensibilityGlobals) = postSolution
		SolutionGuid = {5ECCD57C-997B-4507-AD7D-1B6666CEDC08}
	EndGlobalSection
EndGlobal
